// !$*UTF8*$!
{
	archiveVersion = 1;
	classes = {
	};
	objectVersion = 46;
	objects = {

/* Begin PBXBuildFile section */
		C97461D31CE5B2050085184B /* art1.png in Resources */ = {isa = PBXBuildFile; fileRef = C97461CF1CE5B2050085184B /* art1.png */; };
		C97461D41CE5B2050085184B /* art2.png in Resources */ = {isa = PBXBuildFile; fileRef = C97461D01CE5B2050085184B /* art2.png */; };
		C97461D51CE5B2050085184B /* art3.png in Resources */ = {isa = PBXBuildFile; fileRef = C97461D11CE5B2050085184B /* art3.png */; };
		C97461D61CE5B2050085184B /* ladybug.jpg in Resources */ = {isa = PBXBuildFile; fileRef = C97461D21CE5B2050085184B /* ladybug.jpg */; };
		C9B694FF1CBEA06B00F3F425 /* main.m in Sources */ = {isa = PBXBuildFile; fileRef = C9B694FE1CBEA06B00F3F425 /* main.m */; };
		C9B695021CBEA06B00F3F425 /* AppDelegate.m in Sources */ = {isa = PBXBuildFile; fileRef = C9B695011CBEA06B00F3F425 /* AppDelegate.m */; };
		C9B695051CBEA06B00F3F425 /* ViewController.m in Sources */ = {isa = PBXBuildFile; fileRef = C9B695041CBEA06B00F3F425 /* ViewController.m */; };
		C9B695081CBEA06B00F3F425 /* Main.storyboard in Resources */ = {isa = PBXBuildFile; fileRef = C9B695061CBEA06B00F3F425 /* Main.storyboard */; };
		C9B6950A1CBEA06B00F3F425 /* Assets.xcassets in Resources */ = {isa = PBXBuildFile; fileRef = C9B695091CBEA06B00F3F425 /* Assets.xcassets */; };
		C9B6950D1CBEA06B00F3F425 /* LaunchScreen.storyboard in Resources */ = {isa = PBXBuildFile; fileRef = C9B6950B1CBEA06B00F3F425 /* LaunchScreen.storyboard */; };
		C9B695181CBEA06B00F3F425 /* TryTests.m in Sources */ = {isa = PBXBuildFile; fileRef = C9B695171CBEA06B00F3F425 /* TryTests.m */; };
		C9B695231CBEA06B00F3F425 /* TryUITests.m in Sources */ = {isa = PBXBuildFile; fileRef = C9B695221CBEA06B00F3F425 /* TryUITests.m */; };
/* End PBXBuildFile section */

/* Begin PBXContainerItemProxy section */
		C9B695141CBEA06B00F3F425 /* PBXContainerItemProxy */ = {
			isa = PBXContainerItemProxy;
			containerPortal = C9B694F21CBEA06B00F3F425 /* Project object */;
			proxyType = 1;
			remoteGlobalIDString = C9B694F91CBEA06B00F3F425;
			remoteInfo = Try;
		};
		C9B6951F1CBEA06B00F3F425 /* PBXContainerItemProxy */ = {
			isa = PBXContainerItemProxy;
			containerPortal = C9B694F21CBEA06B00F3F425 /* Project object */;
			proxyType = 1;
			remoteGlobalIDString = C9B694F91CBEA06B00F3F425;
			remoteInfo = Try;
		};
/* End PBXContainerItemProxy section */

/* Begin PBXFileReference section */
		C97461CF1CE5B2050085184B /* art1.png */ = {isa = PBXFileReference; lastKnownFileType = image.png; name = art1.png; path = Resources/art1.png; sourceTree = "<group>"; };
		C97461D01CE5B2050085184B /* art2.png */ = {isa = PBXFileReference; lastKnownFileType = image.png; name = art2.png; path = Resources/art2.png; sourceTree = "<group>"; };
		C97461D11CE5B2050085184B /* art3.png */ = {isa = PBXFileReference; lastKnownFileType = image.png; name = art3.png; path = Resources/art3.png; sourceTree = "<group>"; };
		C97461D21CE5B2050085184B /* ladybug.jpg */ = {isa = PBXFileReference; lastKnownFileType = image.jpeg; name = ladybug.jpg; path = Resources/ladybug.jpg; sourceTree = "<group>"; };
		C9B694FA1CBEA06B00F3F425 /* Try.app */ = {isa = PBXFileReference; explicitFileType = wrapper.application; includeInIndex = 0; path = Try.app; sourceTree = BUILT_PRODUCTS_DIR; };
		C9B694FE1CBEA06B00F3F425 /* main.m */ = {isa = PBXFileReference; lastKnownFileType = sourcecode.c.objc; path = main.m; sourceTree = "<group>"; };
		C9B695001CBEA06B00F3F425 /* AppDelegate.h */ = {isa = PBXFileReference; lastKnownFileType = sourcecode.c.h; path = AppDelegate.h; sourceTree = "<group>"; };
		C9B695011CBEA06B00F3F425 /* AppDelegate.m */ = {isa = PBXFileReference; lastKnownFileType = sourcecode.c.objc; path = AppDelegate.m; sourceTree = "<group>"; };
		C9B695031CBEA06B00F3F425 /* ViewController.h */ = {isa = PBXFileReference; lastKnownFileType = sourcecode.c.h; path = ViewController.h; sourceTree = "<group>"; };
		C9B695041CBEA06B00F3F425 /* ViewController.m */ = {isa = PBXFileReference; lastKnownFileType = sourcecode.c.objc; path = ViewController.m; sourceTree = "<group>"; };
		C9B695071CBEA06B00F3F425 /* Base */ = {isa = PBXFileReference; lastKnownFileType = file.storyboard; name = Base; path = Base.lproj/Main.storyboard; sourceTree = "<group>"; };
		C9B695091CBEA06B00F3F425 /* Assets.xcassets */ = {isa = PBXFileReference; lastKnownFileType = folder.assetcatalog; path = Assets.xcassets; sourceTree = "<group>"; };
		C9B6950C1CBEA06B00F3F425 /* Base */ = {isa = PBXFileReference; lastKnownFileType = file.storyboard; name = Base; path = Base.lproj/LaunchScreen.storyboard; sourceTree = "<group>"; };
		C9B6950E1CBEA06B00F3F425 /* Info.plist */ = {isa = PBXFileReference; lastKnownFileType = text.plist.xml; path = Info.plist; sourceTree = "<group>"; };
		C9B695131CBEA06B00F3F425 /* TryTests.xctest */ = {isa = PBXFileReference; explicitFileType = wrapper.cfbundle; includeInIndex = 0; path = TryTests.xctest; sourceTree = BUILT_PRODUCTS_DIR; };
		C9B695171CBEA06B00F3F425 /* TryTests.m */ = {isa = PBXFileReference; lastKnownFileType = sourcecode.c.objc; path = TryTests.m; sourceTree = "<group>"; };
		C9B695191CBEA06B00F3F425 /* Info.plist */ = {isa = PBXFileReference; lastKnownFileType = text.plist.xml; path = Info.plist; sourceTree = "<group>"; };
		C9B6951E1CBEA06B00F3F425 /* TryUITests.xctest */ = {isa = PBXFileReference; explicitFileType = wrapper.cfbundle; includeInIndex = 0; path = TryUITests.xctest; sourceTree = BUILT_PRODUCTS_DIR; };
		C9B695221CBEA06B00F3F425 /* TryUITests.m */ = {isa = PBXFileReference; lastKnownFileType = sourcecode.c.objc; path = TryUITests.m; sourceTree = "<group>"; };
		C9B695241CBEA06B00F3F425 /* Info.plist */ = {isa = PBXFileReference; lastKnownFileType = text.plist.xml; path = Info.plist; sourceTree = "<group>"; };
/* End PBXFileReference section */

/* Begin PBXFrameworksBuildPhase section */
		C9B694F71CBEA06B00F3F425 /* Frameworks */ = {
			isa = PBXFrameworksBuildPhase;
			buildActionMask = 2147483647;
			files = (
			);
			runOnlyForDeploymentPostprocessing = 0;
		};
		C9B695101CBEA06B00F3F425 /* Frameworks */ = {
			isa = PBXFrameworksBuildPhase;
			buildActionMask = 2147483647;
			files = (
			);
			runOnlyForDeploymentPostprocessing = 0;
		};
		C9B6951B1CBEA06B00F3F425 /* Frameworks */ = {
			isa = PBXFrameworksBuildPhase;
			buildActionMask = 2147483647;
			files = (
			);
			runOnlyForDeploymentPostprocessing = 0;
		};
/* End PBXFrameworksBuildPhase section */

/* Begin PBXGroup section */
		C9B694F11CBEA06B00F3F425 = {
			isa = PBXGroup;
			children = (
				C9B694FC1CBEA06B00F3F425 /* Try */,
				C9B695161CBEA06B00F3F425 /* TryTests */,
				C9B695211CBEA06B00F3F425 /* TryUITests */,
				C9B694FB1CBEA06B00F3F425 /* Products */,
			);
			sourceTree = "<group>";
		};
		C9B694FB1CBEA06B00F3F425 /* Products */ = {
			isa = PBXGroup;
			children = (
				C9B694FA1CBEA06B00F3F425 /* Try.app */,
				C9B695131CBEA06B00F3F425 /* TryTests.xctest */,
				C9B6951E1CBEA06B00F3F425 /* TryUITests.xctest */,
			);
			name = Products;
			sourceTree = "<group>";
		};
		C9B694FC1CBEA06B00F3F425 /* Try */ = {
			isa = PBXGroup;
			children = (
				C9B695001CBEA06B00F3F425 /* AppDelegate.h */,
				C9B695011CBEA06B00F3F425 /* AppDelegate.m */,
				C9B695031CBEA06B00F3F425 /* ViewController.h */,
				C9B695041CBEA06B00F3F425 /* ViewController.m */,
				C9B695061CBEA06B00F3F425 /* Main.storyboard */,
				C9B695091CBEA06B00F3F425 /* Assets.xcassets */,
				C9B6950B1CBEA06B00F3F425 /* LaunchScreen.storyboard */,
				C9B6950E1CBEA06B00F3F425 /* Info.plist */,
				C9B694FD1CBEA06B00F3F425 /* Supporting Files */,
			);
			path = Try;
			sourceTree = "<group>";
		};
		C9B694FD1CBEA06B00F3F425 /* Supporting Files */ = {
			isa = PBXGroup;
			children = (
				C97461CF1CE5B2050085184B /* art1.png */,
				C97461D01CE5B2050085184B /* art2.png */,
				C97461D11CE5B2050085184B /* art3.png */,
				C97461D21CE5B2050085184B /* ladybug.jpg */,
				C9B694FE1CBEA06B00F3F425 /* main.m */,
			);
			name = "Supporting Files";
			sourceTree = "<group>";
		};
		C9B695161CBEA06B00F3F425 /* TryTests */ = {
			isa = PBXGroup;
			children = (
				C9B695171CBEA06B00F3F425 /* TryTests.m */,
				C9B695191CBEA06B00F3F425 /* Info.plist */,
			);
			path = TryTests;
			sourceTree = "<group>";
		};
		C9B695211CBEA06B00F3F425 /* TryUITests */ = {
			isa = PBXGroup;
			children = (
				C9B695221CBEA06B00F3F425 /* TryUITests.m */,
				C9B695241CBEA06B00F3F425 /* Info.plist */,
			);
			path = TryUITests;
			sourceTree = "<group>";
		};
/* End PBXGroup section */

/* Begin PBXNativeTarget section */
		C9B694F91CBEA06B00F3F425 /* Try */ = {
			isa = PBXNativeTarget;
			buildConfigurationList = C9B695271CBEA06B00F3F425 /* Build configuration list for PBXNativeTarget "Try" */;
			buildPhases = (
				C9B694F61CBEA06B00F3F425 /* Sources */,
				C9B694F71CBEA06B00F3F425 /* Frameworks */,
				C9B694F81CBEA06B00F3F425 /* Resources */,
			);
			buildRules = (
			);
			dependencies = (
			);
			name = Try;
			productName = Try;
			productReference = C9B694FA1CBEA06B00F3F425 /* Try.app */;
			productType = "com.apple.product-type.application";
		};
		C9B695121CBEA06B00F3F425 /* TryTests */ = {
			isa = PBXNativeTarget;
			buildConfigurationList = C9B6952A1CBEA06B00F3F425 /* Build configuration list for PBXNativeTarget "TryTests" */;
			buildPhases = (
				C9B6950F1CBEA06B00F3F425 /* Sources */,
				C9B695101CBEA06B00F3F425 /* Frameworks */,
				C9B695111CBEA06B00F3F425 /* Resources */,
			);
			buildRules = (
			);
			dependencies = (
				C9B695151CBEA06B00F3F425 /* PBXTargetDependency */,
			);
			name = TryTests;
			productName = TryTests;
			productReference = C9B695131CBEA06B00F3F425 /* TryTests.xctest */;
			productType = "com.apple.product-type.bundle.unit-test";
		};
		C9B6951D1CBEA06B00F3F425 /* TryUITests */ = {
			isa = PBXNativeTarget;
			buildConfigurationList = C9B6952D1CBEA06B00F3F425 /* Build configuration list for PBXNativeTarget "TryUITests" */;
			buildPhases = (
				C9B6951A1CBEA06B00F3F425 /* Sources */,
				C9B6951B1CBEA06B00F3F425 /* Frameworks */,
				C9B6951C1CBEA06B00F3F425 /* Resources */,
			);
			buildRules = (
			);
			dependencies = (
				C9B695201CBEA06B00F3F425 /* PBXTargetDependency */,
			);
			name = TryUITests;
			productName = TryUITests;
			productReference = C9B6951E1CBEA06B00F3F425 /* TryUITests.xctest */;
			productType = "com.apple.product-type.bundle.ui-testing";
		};
/* End PBXNativeTarget section */

/* Begin PBXProject section */
		C9B694F21CBEA06B00F3F425 /* Project object */ = {
			isa = PBXProject;
			attributes = {
				LastUpgradeCheck = 0720;
				ORGANIZATIONNAME = crogoz;
				TargetAttributes = {
					C9B694F91CBEA06B00F3F425 = {
						CreatedOnToolsVersion = 7.2.1;
					};
					C9B695121CBEA06B00F3F425 = {
						CreatedOnToolsVersion = 7.2.1;
						TestTargetID = C9B694F91CBEA06B00F3F425;
					};
					C9B6951D1CBEA06B00F3F425 = {
						CreatedOnToolsVersion = 7.2.1;
						TestTargetID = C9B694F91CBEA06B00F3F425;
					};
				};
			};
			buildConfigurationList = C9B694F51CBEA06B00F3F425 /* Build configuration list for PBXProject "Try" */;
			compatibilityVersion = "Xcode 3.2";
			developmentRegion = English;
			hasScannedForEncodings = 0;
			knownRegions = (
				en,
				Base,
			);
			mainGroup = C9B694F11CBEA06B00F3F425;
			productRefGroup = C9B694FB1CBEA06B00F3F425 /* Products */;
			projectDirPath = "";
			projectRoot = "";
			targets = (
				C9B694F91CBEA06B00F3F425 /* Try */,
				C9B695121CBEA06B00F3F425 /* TryTests */,
				C9B6951D1CBEA06B00F3F425 /* TryUITests */,
			);
		};
/* End PBXProject section */

/* Begin PBXResourcesBuildPhase section */
		C9B694F81CBEA06B00F3F425 /* Resources */ = {
			isa = PBXResourcesBuildPhase;
			buildActionMask = 2147483647;
			files = (
				C9B6950D1CBEA06B00F3F425 /* LaunchScreen.storyboard in Resources */,
				C97461D61CE5B2050085184B /* ladybug.jpg in Resources */,
				C97461D41CE5B2050085184B /* art2.png in Resources */,
				C9B6950A1CBEA06B00F3F425 /* Assets.xcassets in Resources */,
				C9B695081CBEA06B00F3F425 /* Main.storyboard in Resources */,
				C97461D31CE5B2050085184B /* art1.png in Resources */,
				C97461D51CE5B2050085184B /* art3.png in Resources */,
			);
			runOnlyForDeploymentPostprocessing = 0;
		};
		C9B695111CBEA06B00F3F425 /* Resources */ = {
			isa = PBXResourcesBuildPhase;
			buildActionMask = 2147483647;
			files = (
			);
			runOnlyForDeploymentPostprocessing = 0;
		};
		C9B6951C1CBEA06B00F3F425 /* Resources */ = {
			isa = PBXResourcesBuildPhase;
			buildActionMask = 2147483647;
			files = (
			);
			runOnlyForDeploymentPostprocessing = 0;
		};
/* End PBXResourcesBuildPhase section */

/* Begin PBXSourcesBuildPhase section */
		C9B694F61CBEA06B00F3F425 /* Sources */ = {
			isa = PBXSourcesBuildPhase;
			buildActionMask = 2147483647;
			files = (
				C9B695051CBEA06B00F3F425 /* ViewController.m in Sources */,
				C9B695021CBEA06B00F3F425 /* AppDelegate.m in Sources */,
				C9B694FF1CBEA06B00F3F425 /* main.m in Sources */,
			);
			runOnlyForDeploymentPostprocessing = 0;
		};
		C9B6950F1CBEA06B00F3F425 /* Sources */ = {
			isa = PBXSourcesBuildPhase;
			buildActionMask = 2147483647;
			files = (
				C9B695181CBEA06B00F3F425 /* TryTests.m in Sources */,
			);
			runOnlyForDeploymentPostprocessing = 0;
		};
		C9B6951A1CBEA06B00F3F425 /* Sources */ = {
			isa = PBXSourcesBuildPhase;
			buildActionMask = 2147483647;
			files = (
				C9B695231CBEA06B00F3F425 /* TryUITests.m in Sources */,
			);
			runOnlyForDeploymentPostprocessing = 0;
		};
/* End PBXSourcesBuildPhase section */

/* Begin PBXTargetDependency section */
		C9B695151CBEA06B00F3F425 /* PBXTargetDependency */ = {
			isa = PBXTargetDependency;
			target = C9B694F91CBEA06B00F3F425 /* Try */;
			targetProxy = C9B695141CBEA06B00F3F425 /* PBXContainerItemProxy */;
		};
		C9B695201CBEA06B00F3F425 /* PBXTargetDependency */ = {
			isa = PBXTargetDependency;
			target = C9B694F91CBEA06B00F3F425 /* Try */;
			targetProxy = C9B6951F1CBEA06B00F3F425 /* PBXContainerItemProxy */;
		};
/* End PBXTargetDependency section */

/* Begin PBXVariantGroup section */
		C9B695061CBEA06B00F3F425 /* Main.storyboard */ = {
			isa = PBXVariantGroup;
			children = (
				C9B695071CBEA06B00F3F425 /* Base */,
			);
			name = Main.storyboard;
			sourceTree = "<group>";
		};
		C9B6950B1CBEA06B00F3F425 /* LaunchScreen.storyboard */ = {
			isa = PBXVariantGroup;
			children = (
				C9B6950C1CBEA06B00F3F425 /* Base */,
			);
			name = LaunchScreen.storyboard;
			sourceTree = "<group>";
		};
/* End PBXVariantGroup section */

/* Begin XCBuildConfiguration section */
		C9B695251CBEA06B00F3F425 /* Debug */ = {
			isa = XCBuildConfiguration;
			buildSettings = {
				ALWAYS_SEARCH_USER_PATHS = NO;
				CLANG_CXX_LANGUAGE_STANDARD = "gnu++0x";
				CLANG_CXX_LIBRARY = "libc++";
				CLANG_ENABLE_MODULES = YES;
				CLANG_ENABLE_OBJC_ARC = YES;
				CLANG_WARN_BOOL_CONVERSION = YES;
				CLANG_WARN_CONSTANT_CONVERSION = YES;
				CLANG_WARN_DIRECT_OBJC_ISA_USAGE = YES_ERROR;
				CLANG_WARN_EMPTY_BODY = YES;
				CLANG_WARN_ENUM_CONVERSION = YES;
				CLANG_WARN_INT_CONVERSION = YES;
				CLANG_WARN_OBJC_ROOT_CLASS = YES_ERROR;
				CLANG_WARN_UNREACHABLE_CODE = YES;
				CLANG_WARN__DUPLICATE_METHOD_MATCH = YES;
				"CODE_SIGN_IDENTITY[sdk=iphoneos*]" = "iPhone Developer";
				COPY_PHASE_STRIP = NO;
				DEBUG_INFORMATION_FORMAT = dwarf;
				ENABLE_STRICT_OBJC_MSGSEND = YES;
				ENABLE_TESTABILITY = YES;
				GCC_C_LANGUAGE_STANDARD = gnu99;
				GCC_DYNAMIC_NO_PIC = NO;
				GCC_NO_COMMON_BLOCKS = YES;
				GCC_OPTIMIZATION_LEVEL = 0;
				GCC_PREPROCESSOR_DEFINITIONS = (
					"DEBUG=1",
					"$(inherited)",
				);
				GCC_WARN_64_TO_32_BIT_CONVERSION = YES;
				GCC_WARN_ABOUT_RETURN_TYPE = YES_ERROR;
				GCC_WARN_UNDECLARED_SELECTOR = YES;
				GCC_WARN_UNINITIALIZED_AUTOS = YES_AGGRESSIVE;
				GCC_WARN_UNUSED_FUNCTION = YES;
				GCC_WARN_UNUSED_VARIABLE = YES;
				IPHONEOS_DEPLOYMENT_TARGET = 9.2;
				MTL_ENABLE_DEBUG_INFO = YES;
				ONLY_ACTIVE_ARCH = YES;
				SDKROOT = iphoneos;
				TARGETED_DEVICE_FAMILY = "1,2";
			};
			name = Debug;
		};
		C9B695261CBEA06B00F3F425 /* Release */ = {
			isa = XCBuildConfiguration;
			buildSettings = {
				ALWAYS_SEARCH_USER_PATHS = NO;
				CLANG_CXX_LANGUAGE_STANDARD = "gnu++0x";
				CLANG_CXX_LIBRARY = "libc++";
				CLANG_ENABLE_MODULES = YES;
				CLANG_ENABLE_OBJC_ARC = YES;
				CLANG_WARN_BOOL_CONVERSION = YES;
				CLANG_WARN_CONSTANT_CONVERSION = YES;
				CLANG_WARN_DIRECT_OBJC_ISA_USAGE = YES_ERROR;
				CLANG_WARN_EMPTY_BODY = YES;
				CLANG_WARN_ENUM_CONVERSION = YES;
				CLANG_WARN_INT_CONVERSION = YES;
				CLANG_WARN_OBJC_ROOT_CLASS = YES_ERROR;
				CLANG_WARN_UNREACHABLE_CODE = YES;
				CLANG_WARN__DUPLICATE_METHOD_MATCH = YES;
				"CODE_SIGN_IDENTITY[sdk=iphoneos*]" = "iPhone Developer";
				COPY_PHASE_STRIP = NO;
				DEBUG_INFORMATION_FORMAT = "dwarf-with-dsym";
				ENABLE_NS_ASSERTIONS = NO;
				ENABLE_STRICT_OBJC_MSGSEND = YES;
				GCC_C_LANGUAGE_STANDARD = gnu99;
				GCC_NO_COMMON_BLOCKS = YES;
				GCC_WARN_64_TO_32_BIT_CONVERSION = YES;
				GCC_WARN_ABOUT_RETURN_TYPE = YES_ERROR;
				GCC_WARN_UNDECLARED_SELECTOR = YES;
				GCC_WARN_UNINITIALIZED_AUTOS = YES_AGGRESSIVE;
				GCC_WARN_UNUSED_FUNCTION = YES;
				GCC_WARN_UNUSED_VARIABLE = YES;
				IPHONEOS_DEPLOYMENT_TARGET = 9.2;
				MTL_ENABLE_DEBUG_INFO = NO;
				SDKROOT = iphoneos;
				TARGETED_DEVICE_FAMILY = "1,2";
				VALIDATE_PRODUCT = YES;
			};
			name = Release;
		};
		C9B695281CBEA06B00F3F425 /* Debug */ = {
			isa = XCBuildConfiguration;
			buildSettings = {
				ASSETCATALOG_COMPILER_APPICON_NAME = AppIcon;
				INFOPLIST_FILE = Try/Info.plist;
				LD_RUNPATH_SEARCH_PATHS = "$(inherited) @executable_path/Frameworks";
				PRODUCT_BUNDLE_IDENTIFIER = Adobe.Try;
				PRODUCT_NAME = "$(TARGET_NAME)";
			};
			name = Debug;
		};
		C9B695291CBEA06B00F3F425 /* Release */ = {
			isa = XCBuildConfiguration;
			buildSettings = {
				ASSETCATALOG_COMPILER_APPICON_NAME = AppIcon;
				INFOPLIST_FILE = Try/Info.plist;
				LD_RUNPATH_SEARCH_PATHS = "$(inherited) @executable_path/Frameworks";
				PRODUCT_BUNDLE_IDENTIFIER = Adobe.Try;
				PRODUCT_NAME = "$(TARGET_NAME)";
			};
			name = Release;
		};
		C9B6952B1CBEA06B00F3F425 /* Debug */ = {
			isa = XCBuildConfiguration;
			buildSettings = {
				BUNDLE_LOADER = "$(TEST_HOST)";
				INFOPLIST_FILE = TryTests/Info.plist;
				LD_RUNPATH_SEARCH_PATHS = "$(inherited) @executable_path/Frameworks @loader_path/Frameworks";
				PRODUCT_BUNDLE_IDENTIFIER = Adobe.TryTests;
				PRODUCT_NAME = "$(TARGET_NAME)";
				TEST_HOST = "$(BUILT_PRODUCTS_DIR)/Try.app/Try";
			};
			name = Debug;
		};
		C9B6952C1CBEA06B00F3F425 /* Release */ = {
			isa = XCBuildConfiguration;
			buildSettings = {
				BUNDLE_LOADER = "$(TEST_HOST)";
				INFOPLIST_FILE = TryTests/Info.plist;
				LD_RUNPATH_SEARCH_PATHS = "$(inherited) @executable_path/Frameworks @loader_path/Frameworks";
				PRODUCT_BUNDLE_IDENTIFIER = Adobe.TryTests;
				PRODUCT_NAME = "$(TARGET_NAME)";
				TEST_HOST = "$(BUILT_PRODUCTS_DIR)/Try.app/Try";
			};
			name = Release;
		};
		C9B6952E1CBEA06B00F3F425 /* Debug */ = {
			isa = XCBuildConfiguration;
			buildSettings = {
				INFOPLIST_FILE = TryUITests/Info.plist;
				LD_RUNPATH_SEARCH_PATHS = "$(inherited) @executable_path/Frameworks @loader_path/Frameworks";
				PRODUCT_BUNDLE_IDENTIFIER = Adobe.TryUITests;
				PRODUCT_NAME = "$(TARGET_NAME)";
				TEST_TARGET_NAME = Try;
				USES_XCTRUNNER = YES;
			};
			name = Debug;
		};
		C9B6952F1CBEA06B00F3F425 /* Release */ = {
			isa = XCBuildConfiguration;
			buildSettings = {
				INFOPLIST_FILE = TryUITests/Info.plist;
				LD_RUNPATH_SEARCH_PATHS = "$(inherited) @executable_path/Frameworks @loader_path/Frameworks";
				PRODUCT_BUNDLE_IDENTIFIER = Adobe.TryUITests;
				PRODUCT_NAME = "$(TARGET_NAME)";
				TEST_TARGET_NAME = Try;
				USES_XCTRUNNER = YES;
			};
			name = Release;
		};
/* End XCBuildConfiguration section */

/* Begin XCConfigurationList section */
		C9B694F51CBEA06B00F3F425 /* Build configuration list for PBXProject "Try" */ = {
			isa = XCConfigurationList;
			buildConfigurations = (
				C9B695251CBEA06B00F3F425 /* Debug */,
				C9B695261CBEA06B00F3F425 /* Release */,
			);
			defaultConfigurationIsVisible = 0;
			defaultConfigurationName = Release;
		};
		C9B695271CBEA06B00F3F425 /* Build configuration list for PBXNativeTarget "Try" */ = {
			isa = XCConfigurationList;
			buildConfigurations = (
				C9B695281CBEA06B00F3F425 /* Debug */,
				C9B695291CBEA06B00F3F425 /* Release */,
			);
			defaultConfigurationIsVisible = 0;
			defaultConfigurationName = Release;
		};
		C9B6952A1CBEA06B00F3F425 /* Build configuration list for PBXNativeTarget "TryTests" */ = {
			isa = XCConfigurationList;
			buildConfigurations = (
				C9B6952B1CBEA06B00F3F425 /* Debug */,
				C9B6952C1CBEA06B00F3F425 /* Release */,
			);
			defaultConfigurationIsVisible = 0;
			defaultConfigurationName = Release;
		};
		C9B6952D1CBEA06B00F3F425 /* Build configuration list for PBXNativeTarget "TryUITests" */ = {
			isa = XCConfigurationList;
			buildConfigurations = (
				C9B6952E1CBEA06B00F3F425 /* Debug */,
				C9B6952F1CBEA06B00F3F425 /* Release */,
			);
			defaultConfigurationIsVisible = 0;
			defaultConfigurationName = Release;
		};
/* End XCConfigurationList section */
	};
	rootObject = C9B694F21CBEA06B00F3F425 /* Project object */;
}
